// !$*UTF8*$!
{
	archiveVersion = 1;
	classes = {
	};
	objectVersion = 63;
	objects = {

/* Begin PBXBuildFile section */
		AA01000000000000AAA00031 /* App.swift in Sources */ = {isa = PBXBuildFile; fileRef = AA01000000000000AAA00030 /* App.swift */; };
		AA01000000000000AAA00033 /* PilotView.swift in Sources */ = {isa = PBXBuildFile; fileRef = AA01000000000000AAA00032 /* PilotView.swift */; };
		AA01000000000000AAA00035 /* CosmonBridge.swift in Sources */ = {isa = PBXBuildFile; fileRef = AA01000000000000AAA00034 /* CosmonBridge.swift */; };
		AA01000000000000AAA00037 /* Models.swift in Sources */ = {isa = PBXBuildFile; fileRef = AA01000000000000AAA00036 /* Models.swift */; };
		AA01000000000000AAA00039 /* Assets.xcassets in Resources */ = {isa = PBXBuildFile; fileRef = AA01000000000000AAA00038 /* Assets.xcassets */; };
		AA01000000000000AAA00051 /* WhispersView.swift in Sources */ = {isa = PBXBuildFile; fileRef = AA01000000000000AAA00050 /* WhispersView.swift */; };
		AA01000000000000AAA00053 /* InboxView.swift in Sources */ = {isa = PBXBuildFile; fileRef = AA01000000000000AAA00052 /* InboxView.swift */; };
		AA01000000000000AAA00055 /* GalaxiesView.swift in Sources */ = {isa = PBXBuildFile; fileRef = AA01000000000000AAA00054 /* GalaxiesView.swift */; };
		AA02000000000000AAB00002 /* SkylightView.swift in Sources */ = {isa = PBXBuildFile; fileRef = AA02000000000000AAB00001 /* SkylightView.swift */; };
		AA02000000000000AAC00002 /* MotionView.swift in Sources */ = {isa = PBXBuildFile; fileRef = AA02000000000000AAC00001 /* MotionView.swift */; };
		AA02000000000000AAD00002 /* MarkdownView.swift in Sources */ = {isa = PBXBuildFile; fileRef = AA02000000000000AAD00001 /* MarkdownView.swift */; };
		AA02000000000000AAE00002 /* MarkdownTheme.swift in Sources */ = {isa = PBXBuildFile; fileRef = AA02000000000000AAE00001 /* MarkdownTheme.swift */; };
		AA01000000000000AAA00057 /* ClusterView.swift in Sources */ = {isa = PBXBuildFile; fileRef = AA01000000000000AAA00056 /* ClusterView.swift */; };
/* End PBXBuildFile section */

/* Begin PBXFileReference section */
		AA01000000000000AAA00011 /* mac-pilot.app */ = {isa = PBXFileReference; explicitFileType = wrapper.application; includeInIndex = 0; path = "mac-pilot.app"; sourceTree = BUILT_PRODUCTS_DIR; };
		AA01000000000000AAA00030 /* App.swift */ = {isa = PBXFileReference; lastKnownFileType = sourcecode.swift; path = App.swift; sourceTree = "<group>"; };
		AA01000000000000AAA00032 /* PilotView.swift */ = {isa = PBXFileReference; lastKnownFileType = sourcecode.swift; path = PilotView.swift; sourceTree = "<group>"; };
		AA01000000000000AAA00034 /* CosmonBridge.swift */ = {isa = PBXFileReference; lastKnownFileType = sourcecode.swift; path = CosmonBridge.swift; sourceTree = "<group>"; };
		AA01000000000000AAA00036 /* Models.swift */ = {isa = PBXFileReference; lastKnownFileType = sourcecode.swift; path = Models.swift; sourceTree = "<group>"; };
		AA01000000000000AAA00038 /* Assets.xcassets */ = {isa = PBXFileReference; lastKnownFileType = folder.assetcatalog; path = Assets.xcassets; sourceTree = "<group>"; };
		AA01000000000000AAA00040 /* Info.plist */ = {isa = PBXFileReference; lastKnownFileType = text.plist.xml; path = Info.plist; sourceTree = "<group>"; };
		AA01000000000000AAA00050 /* WhispersView.swift */ = {isa = PBXFileReference; lastKnownFileType = sourcecode.swift; path = WhispersView.swift; sourceTree = "<group>"; };
		AA01000000000000AAA00052 /* InboxView.swift */ = {isa = PBXFileReference; lastKnownFileType = sourcecode.swift; path = InboxView.swift; sourceTree = "<group>"; };
		AA01000000000000AAA00054 /* GalaxiesView.swift */ = {isa = PBXFileReference; lastKnownFileType = sourcecode.swift; path = GalaxiesView.swift; sourceTree = "<group>"; };
		AA02000000000000AAB00001 /* SkylightView.swift */ = {isa = PBXFileReference; lastKnownFileType = sourcecode.swift; path = SkylightView.swift; sourceTree = "<group>"; };
		AA02000000000000AAC00001 /* MotionView.swift */ = {isa = PBXFileReference; lastKnownFileType = sourcecode.swift; path = MotionView.swift; sourceTree = "<group>"; };
		AA02000000000000AAD00001 /* MarkdownView.swift */ = {isa = PBXFileReference; lastKnownFileType = sourcecode.swift; path = MarkdownView.swift; sourceTree = "<group>"; };
		AA02000000000000AAE00001 /* MarkdownTheme.swift */ = {isa = PBXFileReference; lastKnownFileType = sourcecode.swift; path = MarkdownTheme.swift; sourceTree = "<group>"; };
		AA01000000000000AAA00056 /* ClusterView.swift */ = {isa = PBXFileReference; lastKnownFileType = sourcecode.swift; path = ClusterView.swift; sourceTree = "<group>"; };
/* End PBXFileReference section */

/* Begin PBXFrameworksBuildPhase section */
		AA01000000000000AAA00017 /* Frameworks */ = {
			isa = PBXFrameworksBuildPhase;
			buildActionMask = 2147483647;
			files = (
			);
			runOnlyForDeploymentPostprocessing = 0;
		};
/* End PBXFrameworksBuildPhase section */

/* Begin PBXGroup section */
		AA01000000000000AAA00002 /* mac-pilot */ = {
			isa = PBXGroup;
			children = (
				AA01000000000000AAA00020 /* mac-pilot */,
				AA01000000000000AAA00003 /* Products */,
			);
			sourceTree = "<group>";
		};
		AA01000000000000AAA00003 /* Products */ = {
			isa = PBXGroup;
			children = (
				AA01000000000000AAA00011 /* mac-pilot.app */,
			);
			name = Products;
			sourceTree = "<group>";
		};
		AA01000000000000AAA00020 /* mac-pilot */ = {
			isa = PBXGroup;
			children = (
				AA01000000000000AAA00030 /* App.swift */,
				AA01000000000000AAA00032 /* PilotView.swift */,
				AA01000000000000AAA00050 /* WhispersView.swift */,
				AA01000000000000AAA00052 /* InboxView.swift */,
				AA01000000000000AAA00054 /* GalaxiesView.swift */,
				AA02000000000000AAB00001 /* SkylightView.swift */,
				AA02000000000000AAC00001 /* MotionView.swift */,
				AA02000000000000AAD00001 /* MarkdownView.swift */,
				AA02000000000000AAE00001 /* MarkdownTheme.swift */,
				AA01000000000000AAA00056 /* ClusterView.swift */,
				AA01000000000000AAA00034 /* CosmonBridge.swift */,
				AA01000000000000AAA00036 /* Models.swift */,
				AA01000000000000AAA00038 /* Assets.xcassets */,
				AA01000000000000AAA00040 /* Info.plist */,
			);
			path = "mac-pilot";
			sourceTree = "<group>";
		};
/* End PBXGroup section */

/* Begin PBXNativeTarget section */
		AA01000000000000AAA00010 /* mac-pilot */ = {
			isa = PBXNativeTarget;
			buildConfigurationList = AA01000000000000AAA00012 /* Build configuration list for PBXNativeTarget "mac-pilot" */;
			buildPhases = (
				AA01000000000000AAA00015 /* Sources */,
				AA01000000000000AAA00016 /* Resources */,
				AA01000000000000AAA00017 /* Frameworks */,
			);
			buildRules = (
			);
			dependencies = (
			);
			name = "mac-pilot";
			productName = "mac-pilot";
			productReference = AA01000000000000AAA00011 /* mac-pilot.app */;
			productType = "com.apple.product-type.application";
		};
/* End PBXNativeTarget section */

/* Begin PBXProject section */
		AA01000000000000AAA00001 /* Project object */ = {
			isa = PBXProject;
			attributes = {
				BuildIndependentTargetsInParallel = 1;
				LastSwiftUpdateCheck = 1530;
				LastUpgradeCheck = 1530;
				TargetAttributes = {
					AA01000000000000AAA00010 = {
						CreatedOnToolsVersion = 15.3;
					};
				};
			};
			buildConfigurationList = AA01000000000000AAA00004 /* Build configuration list for PBXProject "mac-pilot" */;
			compatibilityVersion = "Xcode 14.0";
			developmentRegion = en;
			hasScannedForEncodings = 0;
			knownRegions = (
				en,
				Base,
			);
			mainGroup = AA01000000000000AAA00002;
			productRefGroup = AA01000000000000AAA00003 /* Products */;
			projectDirPath = "";
			projectRoot = "";
			targets = (
				AA01000000000000AAA00010 /* mac-pilot */,
			);
		};
/* End PBXProject section */

/* Begin PBXResourcesBuildPhase section */
		AA01000000000000AAA00016 /* Resources */ = {
			isa = PBXResourcesBuildPhase;
			buildActionMask = 2147483647;
			files = (
				AA01000000000000AAA00039 /* Assets.xcassets in Resources */,
			);
			runOnlyForDeploymentPostprocessing = 0;
		};
/* End PBXResourcesBuildPhase section */

/* Begin PBXSourcesBuildPhase section */
		AA01000000000000AAA00015 /* Sources */ = {
			isa = PBXSourcesBuildPhase;
			buildActionMask = 2147483647;
			files = (
				AA01000000000000AAA00031 /* App.swift in Sources */,
				AA01000000000000AAA00033 /* PilotView.swift in Sources */,
				AA01000000000000AAA00051 /* WhispersView.swift in Sources */,
				AA01000000000000AAA00053 /* InboxView.swift in Sources */,
				AA01000000000000AAA00055 /* GalaxiesView.swift in Sources */,
				AA02000000000000AAB00002 /* SkylightView.swift in Sources */,
				AA02000000000000AAC00002 /* MotionView.swift in Sources */,
				AA02000000000000AAD00002 /* MarkdownView.swift in Sources */,
				AA02000000000000AAE00002 /* MarkdownTheme.swift in Sources */,
				AA01000000000000AAA00057 /* ClusterView.swift in Sources */,
				AA01000000000000AAA00035 /* CosmonBridge.swift in Sources */,
				AA01000000000000AAA00037 /* Models.swift in Sources */,
			);
			runOnlyForDeploymentPostprocessing = 0;
		};
/* End PBXSourcesBuildPhase section */

/* Begin XCBuildConfiguration section */
		AA01000000000000AAA00005 /* Debug */ = {
			isa = XCBuildConfiguration;
			buildSettings = {
				ALWAYS_SEARCH_USER_PATHS = NO;
				ASSETCATALOG_COMPILER_GENERATE_SWIFT_ASSET_SYMBOL_EXTENSIONS = YES;
				CLANG_ANALYZER_NONNULL = YES;
				CLANG_ANALYZER_NUMBER_OBJECT_CONVERSION = YES_AGGRESSIVE;
				CLANG_CXX_LANGUAGE_STANDARD = "gnu++20";
				CLANG_ENABLE_MODULES = YES;
				CLANG_ENABLE_OBJC_ARC = YES;
				CLANG_ENABLE_OBJC_WEAK = YES;
				CLANG_WARN_BLOCK_CAPTURE_AUTORELEASING = YES;
				CLANG_WARN_BOOL_CONVERSION = YES;
				CLANG_WARN_COMMA = YES;
				CLANG_WARN_CONSTANT_CONVERSION = YES;
				CLANG_WARN_DEPRECATED_OBJC_IMPLEMENTATIONS = YES;
				CLANG_WARN_DIRECT_OBJC_ISA_USAGE = YES_ERROR;
				CLANG_WARN_DOCUMENTATION_COMMENTS = YES;
				CLANG_WARN_EMPTY_BODY = YES;
				CLANG_WARN_ENUM_CONVERSION = YES;
				CLANG_WARN_INFINITE_RECURSION = YES;
				CLANG_WARN_INT_CONVERSION = YES;
				CLANG_WARN_NON_LITERAL_NULL_CONVERSION = YES;
				CLANG_WARN_OBJC_IMPLICIT_RETAIN_SELF = YES;
				CLANG_WARN_OBJC_LITERAL_CONVERSION = YES;
				CLANG_WARN_OBJC_ROOT_CLASS = YES_ERROR;
				CLANG_WARN_QUOTED_INCLUDE_IN_FRAMEWORK_HEADER = YES;
				CLANG_WARN_RANGE_LOOP_ANALYSIS = YES;
				CLANG_WARN_STRICT_PROTOTYPES = YES;
				CLANG_WARN_SUSPICIOUS_MOVE = YES;
				CLANG_WARN_UNGUARDED_AVAILABILITY = YES_AGGRESSIVE;
				CLANG_WARN_UNREACHABLE_CODE = YES;
				CLANG_WARN__DUPLICATE_METHOD_MATCH = YES;
				COPY_PHASE_STRIP = NO;
				DEAD_CODE_STRIPPING = YES;
				DEBUG_INFORMATION_FORMAT = dwarf;
				ENABLE_STRICT_OBJC_MSGSEND = YES;
				ENABLE_TESTABILITY = YES;
				ENABLE_USER_SCRIPT_SANDBOXING = YES;
				GCC_C_LANGUAGE_STANDARD = gnu17;
				GCC_DYNAMIC_NO_PIC = NO;
				GCC_NO_COMMON_BLOCKS = YES;
				GCC_OPTIMIZATION_LEVEL = 0;
				GCC_PREPROCESSOR_DEFINITIONS = (
					"DEBUG=1",
					"$(inherited)",
				);
				GCC_WARN_64_TO_32_BIT_CONVERSION = YES;
				GCC_WARN_ABOUT_RETURN_TYPE = YES_ERROR;
				GCC_WARN_UNDECLARED_SELECTOR = YES;
				GCC_WARN_UNINITIALIZED_AUTOS = YES_AGGRESSIVE;
				GCC_WARN_UNUSED_FUNCTION = YES;
				GCC_WARN_UNUSED_VARIABLE = YES;
				LOCALIZATION_PREFERS_STRING_CATALOGS = YES;
				MACOSX_DEPLOYMENT_TARGET = 14.0;
				MTL_ENABLE_DEBUG_INFO = INCLUDE_SOURCE;
				MTL_FAST_MATH = YES;
				ONLY_ACTIVE_ARCH = YES;
				SDKROOT = macosx;
				SWIFT_ACTIVE_COMPILATION_CONDITIONS = "DEBUG $(inherited)";
				SWIFT_OPTIMIZATION_LEVEL = "-Onone";
			};
			name = Debug;
		};
		AA01000000000000AAA00006 /* Release */ = {
			isa = XCBuildConfiguration;
			buildSettings = {
				ALWAYS_SEARCH_USER_PATHS = NO;
				ASSETCATALOG_COMPILER_GENERATE_SWIFT_ASSET_SYMBOL_EXTENSIONS = YES;
				CLANG_ANALYZER_NONNULL = YES;
				CLANG_ANALYZER_NUMBER_OBJECT_CONVERSION = YES_AGGRESSIVE;
				CLANG_CXX_LANGUAGE_STANDARD = "gnu++20";
				CLANG_ENABLE_MODULES = YES;
				CLANG_ENABLE_OBJC_ARC = YES;
				CLANG_ENABLE_OBJC_WEAK = YES;
				CLANG_WARN_BLOCK_CAPTURE_AUTORELEASING = YES;
				CLANG_WARN_BOOL_CONVERSION = YES;
				CLANG_WARN_COMMA = YES;
				CLANG_WARN_CONSTANT_CONVERSION = YES;
				CLANG_WARN_DEPRECATED_OBJC_IMPLEMENTATIONS = YES;
				CLANG_WARN_DIRECT_OBJC_ISA_USAGE = YES_ERROR;
				CLANG_WARN_DOCUMENTATION_COMMENTS = YES;
				CLANG_WARN_EMPTY_BODY = YES;
				CLANG_WARN_ENUM_CONVERSION = YES;
				CLANG_WARN_INFINITE_RECURSION = YES;
				CLANG_WARN_INT_CONVERSION = YES;
				CLANG_WARN_NON_LITERAL_NULL_CONVERSION = YES;
				CLANG_WARN_OBJC_IMPLICIT_RETAIN_SELF = YES;
				CLANG_WARN_OBJC_LITERAL_CONVERSION = YES;
				CLANG_WARN_OBJC_ROOT_CLASS = YES_ERROR;
				CLANG_WARN_QUOTED_INCLUDE_IN_FRAMEWORK_HEADER = YES;
				CLANG_WARN_RANGE_LOOP_ANALYSIS = YES;
				CLANG_WARN_STRICT_PROTOTYPES = YES;
				CLANG_WARN_SUSPICIOUS_MOVE = YES;
				CLANG_WARN_UNGUARDED_AVAILABILITY = YES_AGGRESSIVE;
				CLANG_WARN_UNREACHABLE_CODE = YES;
				CLANG_WARN__DUPLICATE_METHOD_MATCH = YES;
				COPY_PHASE_STRIP = NO;
				DEAD_CODE_STRIPPING = YES;
				DEBUG_INFORMATION_FORMAT = "dwarf-with-dsym";
				ENABLE_NS_ASSERTIONS = NO;
				ENABLE_STRICT_OBJC_MSGSEND = YES;
				ENABLE_USER_SCRIPT_SANDBOXING = YES;
				GCC_C_LANGUAGE_STANDARD = gnu17;
				GCC_NO_COMMON_BLOCKS = YES;
				GCC_WARN_64_TO_32_BIT_CONVERSION = YES;
				GCC_WARN_ABOUT_RETURN_TYPE = YES_ERROR;
				GCC_WARN_UNDECLARED_SELECTOR = YES;
				GCC_WARN_UNINITIALIZED_AUTOS = YES_AGGRESSIVE;
				GCC_WARN_UNUSED_FUNCTION = YES;
				GCC_WARN_UNUSED_VARIABLE = YES;
				LOCALIZATION_PREFERS_STRING_CATALOGS = YES;
				MACOSX_DEPLOYMENT_TARGET = 14.0;
				MTL_ENABLE_DEBUG_INFO = NO;
				MTL_FAST_MATH = YES;
				SDKROOT = macosx;
				SWIFT_COMPILATION_MODE = wholemodule;
			};
			name = Release;
		};
		AA01000000000000AAA00013 /* Debug */ = {
			isa = XCBuildConfiguration;
			buildSettings = {
				ASSETCATALOG_COMPILER_APPICON_NAME = AppIcon;
				ASSETCATALOG_COMPILER_GLOBAL_ACCENT_COLOR_NAME = AccentColor;
				CODE_SIGN_STYLE = Automatic;
				DEVELOPMENT_TEAM = 69Y2Z265F9;
				COMBINE_HIDPI_IMAGES = YES;
				CURRENT_PROJECT_VERSION = 1;
				DEAD_CODE_STRIPPING = YES;
				ENABLE_HARDENED_RUNTIME = YES;
				ENABLE_PREVIEWS = YES;
				GENERATE_INFOPLIST_FILE = NO;
				INFOPLIST_FILE = "mac-pilot/Info.plist";
				INFOPLIST_KEY_LSApplicationCategoryType = "public.app-category.productivity";
				INFOPLIST_KEY_LSUIElement = YES;
				INFOPLIST_KEY_NSHumanReadableCopyright = "Copyright © 2026 Noogram. All rights reserved.";
				LD_RUNPATH_SEARCH_PATHS = (
					"$(inherited)",
					"@executable_path/../Frameworks",
				);
				MACOSX_DEPLOYMENT_TARGET = 14.0;
				MARKETING_VERSION = 0.1.0;
				PRODUCT_BUNDLE_IDENTIFIER = "dev.noogram.cosmon.mac-pilot";
				PRODUCT_NAME = "$(TARGET_NAME)";
				SWIFT_EMIT_LOC_STRINGS = YES;
				SWIFT_VERSION = 5.0;
			};
			name = Debug;
		};
		AA01000000000000AAA00014 /* Release */ = {
			isa = XCBuildConfiguration;
			buildSettings = {
				ASSETCATALOG_COMPILER_APPICON_NAME = AppIcon;
				ASSETCATALOG_COMPILER_GLOBAL_ACCENT_COLOR_NAME = AccentColor;
				CODE_SIGN_STYLE = Automatic;
				DEVELOPMENT_TEAM = 69Y2Z265F9;
				COMBINE_HIDPI_IMAGES = YES;
				CURRENT_PROJECT_VERSION = 1;
				DEAD_CODE_STRIPPING = YES;
				ENABLE_HARDENED_RUNTIME = YES;
				ENABLE_PREVIEWS = YES;
				GENERATE_INFOPLIST_FILE = NO;
				INFOPLIST_FILE = "mac-pilot/Info.plist";
				INFOPLIST_KEY_LSApplicationCategoryType = "public.app-category.productivity";
				INFOPLIST_KEY_LSUIElement = YES;
				INFOPLIST_KEY_NSHumanReadableCopyright = "Copyright © 2026 Noogram. All rights reserved.";
				LD_RUNPATH_SEARCH_PATHS = (
					"$(inherited)",
					"@executable_path/../Frameworks",
				);
				MACOSX_DEPLOYMENT_TARGET = 14.0;
				MARKETING_VERSION = 0.1.0;
				PRODUCT_BUNDLE_IDENTIFIER = "dev.noogram.cosmon.mac-pilot";
				PRODUCT_NAME = "$(TARGET_NAME)";
				SWIFT_EMIT_LOC_STRINGS = YES;
				SWIFT_VERSION = 5.0;
			};
			name = Release;
		};
/* End XCBuildConfiguration section */

/* Begin XCConfigurationList section */
		AA01000000000000AAA00004 /* Build configuration list for PBXProject "mac-pilot" */ = {
			isa = XCConfigurationList;
			buildConfigurations = (
				AA01000000000000AAA00005 /* Debug */,
				AA01000000000000AAA00006 /* Release */,
			);
			defaultConfigurationIsVisible = 0;
			defaultConfigurationName = Release;
		};
		AA01000000000000AAA00012 /* Build configuration list for PBXNativeTarget "mac-pilot" */ = {
			isa = XCConfigurationList;
			buildConfigurations = (
				AA01000000000000AAA00013 /* Debug */,
				AA01000000000000AAA00014 /* Release */,
			);
			defaultConfigurationIsVisible = 0;
			defaultConfigurationName = Release;
		};
/* End XCConfigurationList section */
	};
	rootObject = AA01000000000000AAA00001 /* Project object */;
}
